// !$*UTF8*$!
{
	archiveVersion = 1;
	classes = {
	};
	objectVersion = 46;
	objects = {

/* Begin PBXBuildFile section */
		A29B48AB1C376E5100ACA37E /* main.m in Sources */ = {isa = PBXBuildFile; fileRef = A29B48AA1C376E5100ACA37E /* main.m */; };
		A29B48AE1C376E5100ACA37E /* AppDelegate.m in Sources */ = {isa = PBXBuildFile; fileRef = A29B48AD1C376E5100ACA37E /* AppDelegate.m */; };
		A29B48B11C376E5100ACA37E /* ViewController.m in Sources */ = {isa = PBXBuildFile; fileRef = A29B48B01C376E5100ACA37E /* ViewController.m */; };
		A29B48B41C376E5100ACA37E /* Main.storyboard in Resources */ = {isa = PBXBuildFile; fileRef = A29B48B21C376E5100ACA37E /* Main.storyboard */; };
		A29B48B61C376E5100ACA37E /* Assets.xcassets in Resources */ = {isa = PBXBuildFile; fileRef = A29B48B51C376E5100ACA37E /* Assets.xcassets */; };
		A29B48B91C376E5100ACA37E /* LaunchScreen.storyboard in Resources */ = {isa = PBXBuildFile; fileRef = A29B48B71C376E5100ACA37E /* LaunchScreen.storyboard */; };
		A29B48C41C376E5200ACA37E /* TaxCalculatorTests.m in Sources */ = {isa = PBXBuildFile; fileRef = A29B48C31C376E5200ACA37E /* TaxCalculatorTests.m */; };
		A29B48CF1C376E5200ACA37E /* TaxCalculatorUITests.m in Sources */ = {isa = PBXBuildFile; fileRef = A29B48CE1C376E5200ACA37E /* TaxCalculatorUITests.m */; };
/* End PBXBuildFile section */

/* Begin PBXContainerItemProxy section */
		A29B48C01C376E5200ACA37E /* PBXContainerItemProxy */ = {
			isa = PBXContainerItemProxy;
			containerPortal = A29B489E1C376E5100ACA37E /* Project object */;
			proxyType = 1;
			remoteGlobalIDString = A29B48A51C376E5100ACA37E;
			remoteInfo = TaxCalculator;
		};
		A29B48CB1C376E5200ACA37E /* PBXContainerItemProxy */ = {
			isa = PBXContainerItemProxy;
			containerPortal = A29B489E1C376E5100ACA37E /* Project object */;
			proxyType = 1;
			remoteGlobalIDString = A29B48A51C376E5100ACA37E;
			remoteInfo = TaxCalculator;
		};
/* End PBXContainerItemProxy section */

/* Begin PBXFileReference section */
		A29B48A61C376E5100ACA37E /* TaxCalculator.app */ = {isa = PBXFileReference; explicitFileType = wrapper.application; includeInIndex = 0; path = TaxCalculator.app; sourceTree = BUILT_PRODUCTS_DIR; };
		A29B48AA1C376E5100ACA37E /* main.m */ = {isa = PBXFileReference; lastKnownFileType = sourcecode.c.objc; path = main.m; sourceTree = "<group>"; };
		A29B48AC1C376E5100ACA37E /* AppDelegate.h */ = {isa = PBXFileReference; lastKnownFileType = sourcecode.c.h; path = AppDelegate.h; sourceTree = "<group>"; };
		A29B48AD1C376E5100ACA37E /* AppDelegate.m */ = {isa = PBXFileReference; lastKnownFileType = sourcecode.c.objc; path = AppDelegate.m; sourceTree = "<group>"; };
		A29B48AF1C376E5100ACA37E /* ViewController.h */ = {isa = PBXFileReference; lastKnownFileType = sourcecode.c.h; path = ViewController.h; sourceTree = "<group>"; };
		A29B48B01C376E5100ACA37E /* ViewController.m */ = {isa = PBXFileReference; lastKnownFileType = sourcecode.c.objc; path = ViewController.m; sourceTree = "<group>"; };
		A29B48B31C376E5100ACA37E /* Base */ = {isa = PBXFileReference; lastKnownFileType = file.storyboard; name = Base; path = Base.lproj/Main.storyboard; sourceTree = "<group>"; };
		A29B48B51C376E5100ACA37E /* Assets.xcassets */ = {isa = PBXFileReference; lastKnownFileType = folder.assetcatalog; path = Assets.xcassets; sourceTree = "<group>"; };
		A29B48B81C376E5100ACA37E /* Base */ = {isa = PBXFileReference; lastKnownFileType = file.storyboard; name = Base; path = Base.lproj/LaunchScreen.storyboard; sourceTree = "<group>"; };
		A29B48BA1C376E5200ACA37E /* Info.plist */ = {isa = PBXFileReference; lastKnownFileType = text.plist.xml; path = Info.plist; sourceTree = "<group>"; };
		A29B48BF1C376E5200ACA37E /* TaxCalculatorTests.xctest */ = {isa = PBXFileReference; explicitFileType = wrapper.cfbundle; includeInIndex = 0; path = TaxCalculatorTests.xctest; sourceTree = BUILT_PRODUCTS_DIR; };
		A29B48C31C376E5200ACA37E /* TaxCalculatorTests.m */ = {isa = PBXFileReference; lastKnownFileType = sourcecode.c.objc; path = TaxCalculatorTests.m; sourceTree = "<group>"; };
		A29B48C51C376E5200ACA37E /* Info.plist */ = {isa = PBXFileReference; lastKnownFileType = text.plist.xml; path = Info.plist; sourceTree = "<group>"; };
		A29B48CA1C376E5200ACA37E /* TaxCalculatorUITests.xctest */ = {isa = PBXFileReference; explicitFileType = wrapper.cfbundle; includeInIndex = 0; path = TaxCalculatorUITests.xctest; sourceTree = BUILT_PRODUCTS_DIR; };
		A29B48CE1C376E5200ACA37E /* TaxCalculatorUITests.m */ = {isa = PBXFileReference; lastKnownFileType = sourcecode.c.objc; path = TaxCalculatorUITests.m; sourceTree = "<group>"; };
		A29B48D01C376E5200ACA37E /* Info.plist */ = {isa = PBXFileReference; lastKnownFileType = text.plist.xml; path = Info.plist; sourceTree = "<group>"; };
/* End PBXFileReference section */

/* Begin PBXFrameworksBuildPhase section */
		A29B48A31C376E5100ACA37E /* Frameworks */ = {
			isa = PBXFrameworksBuildPhase;
			buildActionMask = 2147483647;
			files = (
			);
			runOnlyForDeploymentPostprocessing = 0;
		};
		A29B48BC1C376E5200ACA37E /* Frameworks */ = {
			isa = PBXFrameworksBuildPhase;
			buildActionMask = 2147483647;
			files = (
			);
			runOnlyForDeploymentPostprocessing = 0;
		};
		A29B48C71C376E5200ACA37E /* Frameworks */ = {
			isa = PBXFrameworksBuildPhase;
			buildActionMask = 2147483647;
			files = (
			);
			runOnlyForDeploymentPostprocessing = 0;
		};
/* End PBXFrameworksBuildPhase section */

/* Begin PBXGroup section */
		A29B489D1C376E5100ACA37E = {
			isa = PBXGroup;
			children = (
				A29B48A81C376E5100ACA37E /* TaxCalculator */,
				A29B48C21C376E5200ACA37E /* TaxCalculatorTests */,
				A29B48CD1C376E5200ACA37E /* TaxCalculatorUITests */,
				A29B48A71C376E5100ACA37E /* Products */,
			);
			sourceTree = "<group>";
		};
		A29B48A71C376E5100ACA37E /* Products */ = {
			isa = PBXGroup;
			children = (
				A29B48A61C376E5100ACA37E /* TaxCalculator.app */,
				A29B48BF1C376E5200ACA37E /* TaxCalculatorTests.xctest */,
				A29B48CA1C376E5200ACA37E /* TaxCalculatorUITests.xctest */,
			);
			name = Products;
			sourceTree = "<group>";
		};
		A29B48A81C376E5100ACA37E /* TaxCalculator */ = {
			isa = PBXGroup;
			children = (
				A29B48AC1C376E5100ACA37E /* AppDelegate.h */,
				A29B48AD1C376E5100ACA37E /* AppDelegate.m */,
				A29B48AF1C376E5100ACA37E /* ViewController.h */,
				A29B48B01C376E5100ACA37E /* ViewController.m */,
				A29B48B21C376E5100ACA37E /* Main.storyboard */,
				A29B48B51C376E5100ACA37E /* Assets.xcassets */,
				A29B48B71C376E5100ACA37E /* LaunchScreen.storyboard */,
				A29B48BA1C376E5200ACA37E /* Info.plist */,
				A29B48A91C376E5100ACA37E /* Supporting Files */,
			);
			path = TaxCalculator;
			sourceTree = "<group>";
		};
		A29B48A91C376E5100ACA37E /* Supporting Files */ = {
			isa = PBXGroup;
			children = (
				A29B48AA1C376E5100ACA37E /* main.m */,
			);
			name = "Supporting Files";
			sourceTree = "<group>";
		};
		A29B48C21C376E5200ACA37E /* TaxCalculatorTests */ = {
			isa = PBXGroup;
			children = (
				A29B48C31C376E5200ACA37E /* TaxCalculatorTests.m */,
				A29B48C51C376E5200ACA37E /* Info.plist */,
			);
			path = TaxCalculatorTests;
			sourceTree = "<group>";
		};
		A29B48CD1C376E5200ACA37E /* TaxCalculatorUITests */ = {
			isa = PBXGroup;
			children = (
				A29B48CE1C376E5200ACA37E /* TaxCalculatorUITests.m */,
				A29B48D01C376E5200ACA37E /* Info.plist */,
			);
			path = TaxCalculatorUITests;
			sourceTree = "<group>";
		};
/* End PBXGroup section */

/* Begin PBXNativeTarget section */
		A29B48A51C376E5100ACA37E /* TaxCalculator */ = {
			isa = PBXNativeTarget;
			buildConfigurationList = A29B48D31C376E5200ACA37E /* Build configuration list for PBXNativeTarget "TaxCalculator" */;
			buildPhases = (
				A29B48A21C376E5100ACA37E /* Sources */,
				A29B48A31C376E5100ACA37E /* Frameworks */,
				A29B48A41C376E5100ACA37E /* Resources */,
			);
			buildRules = (
			);
			dependencies = (
			);
			name = TaxCalculator;
			productName = TaxCalculator;
			productReference = A29B48A61C376E5100ACA37E /* TaxCalculator.app */;
			productType = "com.apple.product-type.application";
		};
		A29B48BE1C376E5200ACA37E /* TaxCalculatorTests */ = {
			isa = PBXNativeTarget;
			buildConfigurationList = A29B48D61C376E5200ACA37E /* Build configuration list for PBXNativeTarget "TaxCalculatorTests" */;
			buildPhases = (
				A29B48BB1C376E5200ACA37E /* Sources */,
				A29B48BC1C376E5200ACA37E /* Frameworks */,
				A29B48BD1C376E5200ACA37E /* Resources */,
			);
			buildRules = (
			);
			dependencies = (
				A29B48C11C376E5200ACA37E /* PBXTargetDependency */,
			);
			name = TaxCalculatorTests;
			productName = TaxCalculatorTests;
			productReference = A29B48BF1C376E5200ACA37E /* TaxCalculatorTests.xctest */;
			productType = "com.apple.product-type.bundle.unit-test";
		};
		A29B48C91C376E5200ACA37E /* TaxCalculatorUITests */ = {
			isa = PBXNativeTarget;
			buildConfigurationList = A29B48D91C376E5200ACA37E /* Build configuration list for PBXNativeTarget "TaxCalculatorUITests" */;
			buildPhases = (
				A29B48C61C376E5200ACA37E /* Sources */,
				A29B48C71C376E5200ACA37E /* Frameworks */,
				A29B48C81C376E5200ACA37E /* Resources */,
			);
			buildRules = (
			);
			dependencies = (
				A29B48CC1C376E5200ACA37E /* PBXTargetDependency */,
			);
			name = TaxCalculatorUITests;
			productName = TaxCalculatorUITests;
			productReference = A29B48CA1C376E5200ACA37E /* TaxCalculatorUITests.xctest */;
			productType = "com.apple.product-type.bundle.ui-testing";
		};
/* End PBXNativeTarget section */

/* Begin PBXProject section */
		A29B489E1C376E5100ACA37E /* Project object */ = {
			isa = PBXProject;
			attributes = {
				LastUpgradeCheck = 0720;
				ORGANIZATIONNAME = "Jerry Lao";
				TargetAttributes = {
					A29B48A51C376E5100ACA37E = {
						CreatedOnToolsVersion = 7.2;
					};
					A29B48BE1C376E5200ACA37E = {
						CreatedOnToolsVersion = 7.2;
						TestTargetID = A29B48A51C376E5100ACA37E;
					};
					A29B48C91C376E5200ACA37E = {
						CreatedOnToolsVersion = 7.2;
						TestTargetID = A29B48A51C376E5100ACA37E;
					};
				};
			};
			buildConfigurationList = A29B48A11C376E5100ACA37E /* Build configuration list for PBXProject "TaxCalculator" */;
			compatibilityVersion = "Xcode 3.2";
			developmentRegion = English;
			hasScannedForEncodings = 0;
			knownRegions = (
				en,
				Base,
			);
			mainGroup = A29B489D1C376E5100ACA37E;
			productRefGroup = A29B48A71C376E5100ACA37E /* Products */;
			projectDirPath = "";
			projectRoot = "";
			targets = (
				A29B48A51C376E5100ACA37E /* TaxCalculator */,
				A29B48BE1C376E5200ACA37E /* TaxCalculatorTests */,
				A29B48C91C376E5200ACA37E /* TaxCalculatorUITests */,
			);
		};
/* End PBXProject section */

/* Begin PBXResourcesBuildPhase section */
		A29B48A41C376E5100ACA37E /* Resources */ = {
			isa = PBXResourcesBuildPhase;
			buildActionMask = 2147483647;
			files = (
				A29B48B91C376E5100ACA37E /* LaunchScreen.storyboard in Resources */,
				A29B48B61C376E5100ACA37E /* Assets.xcassets in Resources */,
				A29B48B41C376E5100ACA37E /* Main.storyboard in Resources */,
			);
			runOnlyForDeploymentPostprocessing = 0;
		};
		A29B48BD1C376E5200ACA37E /* Resources */ = {
			isa = PBXResourcesBuildPhase;
			buildActionMask = 2147483647;
			files = (
			);
			runOnlyForDeploymentPostprocessing = 0;
		};
		A29B48C81C376E5200ACA37E /* Resources */ = {
			isa = PBXResourcesBuildPhase;
			buildActionMask = 2147483647;
			files = (
			);
			runOnlyForDeploymentPostprocessing = 0;
		};
/* End PBXResourcesBuildPhase section */

/* Begin PBXSourcesBuildPhase section */
		A29B48A21C376E5100ACA37E /* Sources */ = {
			isa = PBXSourcesBuildPhase;
			buildActionMask = 2147483647;
			files = (
				A29B48B11C376E5100ACA37E /* ViewController.m in Sources */,
				A29B48AE1C376E5100ACA37E /* AppDelegate.m in Sources */,
				A29B48AB1C376E5100ACA37E /* main.m in Sources */,
			);
			runOnlyForDeploymentPostprocessing = 0;
		};
		A29B48BB1C376E5200ACA37E /* Sources */ = {
			isa = PBXSourcesBuildPhase;
			buildActionMask = 2147483647;
			files = (
				A29B48C41C376E5200ACA37E /* TaxCalculatorTests.m in Sources */,
			);
			runOnlyForDeploymentPostprocessing = 0;
		};
		A29B48C61C376E5200ACA37E /* Sources */ = {
			isa = PBXSourcesBuildPhase;
			buildActionMask = 2147483647;
			files = (
				A29B48CF1C376E5200ACA37E /* TaxCalculatorUITests.m in Sources */,
			);
			runOnlyForDeploymentPostprocessing = 0;
		};
/* End PBXSourcesBuildPhase section */

/* Begin PBXTargetDependency section */
		A29B48C11C376E5200ACA37E /* PBXTargetDependency */ = {
			isa = PBXTargetDependency;
			target = A29B48A51C376E5100ACA37E /* TaxCalculator */;
			targetProxy = A29B48C01C376E5200ACA37E /* PBXContainerItemProxy */;
		};
		A29B48CC1C376E5200ACA37E /* PBXTargetDependency */ = {
			isa = PBXTargetDependency;
			target = A29B48A51C376E5100ACA37E /* TaxCalculator */;
			targetProxy = A29B48CB1C376E5200ACA37E /* PBXContainerItemProxy */;
		};
/* End PBXTargetDependency section */

/* Begin PBXVariantGroup section */
		A29B48B21C376E5100ACA37E /* Main.storyboard */ = {
			isa = PBXVariantGroup;
			children = (
				A29B48B31C376E5100ACA37E /* Base */,
			);
			name = Main.storyboard;
			sourceTree = "<group>";
		};
		A29B48B71C376E5100ACA37E /* LaunchScreen.storyboard */ = {
			isa = PBXVariantGroup;
			children = (
				A29B48B81C376E5100ACA37E /* Base */,
			);
			name = LaunchScreen.storyboard;
			sourceTree = "<group>";
		};
/* End PBXVariantGroup section */

/* Begin XCBuildConfiguration section */
		A29B48D11C376E5200ACA37E /* Debug */ = {
			isa = XCBuildConfiguration;
			buildSettings = {
				ALWAYS_SEARCH_USER_PATHS = NO;
				CLANG_CXX_LANGUAGE_STANDARD = "gnu++0x";
				CLANG_CXX_LIBRARY = "libc++";
				CLANG_ENABLE_MODULES = YES;
				CLANG_ENABLE_OBJC_ARC = YES;
				CLANG_WARN_BOOL_CONVERSION = YES;
				CLANG_WARN_CONSTANT_CONVERSION = YES;
				CLANG_WARN_DIRECT_OBJC_ISA_USAGE = YES_ERROR;
				CLANG_WARN_EMPTY_BODY = YES;
				CLANG_WARN_ENUM_CONVERSION = YES;
				CLANG_WARN_INT_CONVERSION = YES;
				CLANG_WARN_OBJC_ROOT_CLASS = YES_ERROR;
				CLANG_WARN_UNREACHABLE_CODE = YES;
				CLANG_WARN__DUPLICATE_METHOD_MATCH = YES;
				"CODE_SIGN_IDENTITY[sdk=iphoneos*]" = "iPhone Developer";
				COPY_PHASE_STRIP = NO;
				DEBUG_INFORMATION_FORMAT = dwarf;
				ENABLE_STRICT_OBJC_MSGSEND = YES;
				ENABLE_TESTABILITY = YES;
				GCC_C_LANGUAGE_STANDARD = gnu99;
				GCC_DYNAMIC_NO_PIC = NO;
				GCC_NO_COMMON_BLOCKS = YES;
				GCC_OPTIMIZATION_LEVEL = 0;
				GCC_PREPROCESSOR_DEFINITIONS = (
					"DEBUG=1",
					"$(inherited)",
				);
				GCC_WARN_64_TO_32_BIT_CONVERSION = YES;
				GCC_WARN_ABOUT_RETURN_TYPE = YES_ERROR;
				GCC_WARN_UNDECLARED_SELECTOR = YES;
				GCC_WARN_UNINITIALIZED_AUTOS = YES_AGGRESSIVE;
				GCC_WARN_UNUSED_FUNCTION = YES;
				GCC_WARN_UNUSED_VARIABLE = YES;
				IPHONEOS_DEPLOYMENT_TARGET = 9.2;
				MTL_ENABLE_DEBUG_INFO = YES;
				ONLY_ACTIVE_ARCH = YES;
				SDKROOT = iphoneos;
			};
			name = Debug;
		};
		A29B48D21C376E5200ACA37E /* Release */ = {
			isa = XCBuildConfiguration;
			buildSettings = {
				ALWAYS_SEARCH_USER_PATHS = NO;
				CLANG_CXX_LANGUAGE_STANDARD = "gnu++0x";
				CLANG_CXX_LIBRARY = "libc++";
				CLANG_ENABLE_MODULES = YES;
				CLANG_ENABLE_OBJC_ARC = YES;
				CLANG_WARN_BOOL_CONVERSION = YES;
				CLANG_WARN_CONSTANT_CONVERSION = YES;
				CLANG_WARN_DIRECT_OBJC_ISA_USAGE = YES_ERROR;
				CLANG_WARN_EMPTY_BODY = YES;
				CLANG_WARN_ENUM_CONVERSION = YES;
				CLANG_WARN_INT_CONVERSION = YES;
				CLANG_WARN_OBJC_ROOT_CLASS = YES_ERROR;
				CLANG_WARN_UNREACHABLE_CODE = YES;
				CLANG_WARN__DUPLICATE_METHOD_MATCH = YES;
				"CODE_SIGN_IDENTITY[sdk=iphoneos*]" = "iPhone Developer";
				COPY_PHASE_STRIP = NO;
				DEBUG_INFORMATION_FORMAT = "dwarf-with-dsym";
				ENABLE_NS_ASSERTIONS = NO;
				ENABLE_STRICT_OBJC_MSGSEND = YES;
				GCC_C_LANGUAGE_STANDARD = gnu99;
				GCC_NO_COMMON_BLOCKS = YES;
				GCC_WARN_64_TO_32_BIT_CONVERSION = YES;
				GCC_WARN_ABOUT_RETURN_TYPE = YES_ERROR;
				GCC_WARN_UNDECLARED_SELECTOR = YES;
				GCC_WARN_UNINITIALIZED_AUTOS = YES_AGGRESSIVE;
				GCC_WARN_UNUSED_FUNCTION = YES;
				GCC_WARN_UNUSED_VARIABLE = YES;
				IPHONEOS_DEPLOYMENT_TARGET = 9.2;
				MTL_ENABLE_DEBUG_INFO = NO;
				SDKROOT = iphoneos;
				VALIDATE_PRODUCT = YES;
			};
			name = Release;
		};
		A29B48D41C376E5200ACA37E /* Debug */ = {
			isa = XCBuildConfiguration;
			buildSettings = {
				ASSETCATALOG_COMPILER_APPICON_NAME = AppIcon;
				INFOPLIST_FILE = TaxCalculator/Info.plist;
				LD_RUNPATH_SEARCH_PATHS = "$(inherited) @executable_path/Frameworks";
				PRODUCT_BUNDLE_IDENTIFIER = com.jerrylao.TaxCalculator;
				PRODUCT_NAME = "$(TARGET_NAME)";
			};
			name = Debug;
		};
		A29B48D51C376E5200ACA37E /* Release */ = {
			isa = XCBuildConfiguration;
			buildSettings = {
				ASSETCATALOG_COMPILER_APPICON_NAME = AppIcon;
				INFOPLIST_FILE = TaxCalculator/Info.plist;
				LD_RUNPATH_SEARCH_PATHS = "$(inherited) @executable_path/Frameworks";
				PRODUCT_BUNDLE_IDENTIFIER = com.jerrylao.TaxCalculator;
				PRODUCT_NAME = "$(TARGET_NAME)";
			};
			name = Release;
		};
		A29B48D71C376E5200ACA37E /* Debug */ = {
			isa = XCBuildConfiguration;
			buildSettings = {
				BUNDLE_LOADER = "$(TEST_HOST)";
				INFOPLIST_FILE = TaxCalculatorTests/Info.plist;
				LD_RUNPATH_SEARCH_PATHS = "$(inherited) @executable_path/Frameworks @loader_path/Frameworks";
				PRODUCT_BUNDLE_IDENTIFIER = com.jerrylao.TaxCalculatorTests;
				PRODUCT_NAME = "$(TARGET_NAME)";
				TEST_HOST = "$(BUILT_PRODUCTS_DIR)/TaxCalculator.app/TaxCalculator";
			};
			name = Debug;
		};
		A29B48D81C376E5200ACA37E /* Release */ = {
			isa = XCBuildConfiguration;
			buildSettings = {
				BUNDLE_LOADER = "$(TEST_HOST)";
				INFOPLIST_FILE = TaxCalculatorTests/Info.plist;
				LD_RUNPATH_SEARCH_PATHS = "$(inherited) @executable_path/Frameworks @loader_path/Frameworks";
				PRODUCT_BUNDLE_IDENTIFIER = com.jerrylao.TaxCalculatorTests;
				PRODUCT_NAME = "$(TARGET_NAME)";
				TEST_HOST = "$(BUILT_PRODUCTS_DIR)/TaxCalculator.app/TaxCalculator";
			};
			name = Release;
		};
		A29B48DA1C376E5200ACA37E /* Debug */ = {
			isa = XCBuildConfiguration;
			buildSettings = {
				INFOPLIST_FILE = TaxCalculatorUITests/Info.plist;
				LD_RUNPATH_SEARCH_PATHS = "$(inherited) @executable_path/Frameworks @loader_path/Frameworks";
				PRODUCT_BUNDLE_IDENTIFIER = com.jerrylao.TaxCalculatorUITests;
				PRODUCT_NAME = "$(TARGET_NAME)";
				TEST_TARGET_NAME = TaxCalculator;
				USES_XCTRUNNER = YES;
			};
			name = Debug;
		};
		A29B48DB1C376E5200ACA37E /* Release */ = {
			isa = XCBuildConfiguration;
			buildSettings = {
				INFOPLIST_FILE = TaxCalculatorUITests/Info.plist;
				LD_RUNPATH_SEARCH_PATHS = "$(inherited) @executable_path/Frameworks @loader_path/Frameworks";
				PRODUCT_BUNDLE_IDENTIFIER = com.jerrylao.TaxCalculatorUITests;
				PRODUCT_NAME = "$(TARGET_NAME)";
				TEST_TARGET_NAME = TaxCalculator;
				USES_XCTRUNNER = YES;
			};
			name = Release;
		};
/* End XCBuildConfiguration section */

/* Begin XCConfigurationList section */
		A29B48A11C376E5100ACA37E /* Build configuration list for PBXProject "TaxCalculator" */ = {
			isa = XCConfigurationList;
			buildConfigurations = (
				A29B48D11C376E5200ACA37E /* Debug */,
				A29B48D21C376E5200ACA37E /* Release */,
			);
			defaultConfigurationIsVisible = 0;
			defaultConfigurationName = Release;
		};
		A29B48D31C376E5200ACA37E /* Build configuration list for PBXNativeTarget "TaxCalculator" */ = {
			isa = XCConfigurationList;
			buildConfigurations = (
				A29B48D41C376E5200ACA37E /* Debug */,
				A29B48D51C376E5200ACA37E /* Release */,
			);
			defaultConfigurationIsVisible = 0;
		};
		A29B48D61C376E5200ACA37E /* Build configuration list for PBXNativeTarget "TaxCalculatorTests" */ = {
			isa = XCConfigurationList;
			buildConfigurations = (
				A29B48D71C376E5200ACA37E /* Debug */,
				A29B48D81C376E5200ACA37E /* Release */,
			);
			defaultConfigurationIsVisible = 0;
		};
		A29B48D91C376E5200ACA37E /* Build configuration list for PBXNativeTarget "TaxCalculatorUITests" */ = {
			isa = XCConfigurationList;
			buildConfigurations = (
				A29B48DA1C376E5200ACA37E /* Debug */,
				A29B48DB1C376E5200ACA37E /* Release */,
			);
			defaultConfigurationIsVisible = 0;
		};
/* End XCConfigurationList section */
	};
	rootObject = A29B489E1C376E5100ACA37E /* Project object */;
}
